
Microsoft Visual Studio Solution File, Format Version 12.00
# Visual Studio Version 17
VisualStudioVersion = 17.13.35931.197 d17.13
MinimumVisualStudioVersion = 10.0.40219.1
Project("{FAE04EC0-301F-11D3-BF4B-00C04F79EFBC}") = "DynatronDemo.WebApi", "DynatronDemo.WebApi\DynatronDemo.WebApi.csproj", "{070429B9-DF15-4DAC-A9FB-BCF3D15A2378}"
EndProject
Global
	GlobalSection(SolutionConfigurationPlatforms) = preSolution
		Debug|Any CPU = Debug|Any CPU
		Release|Any CPU = Release|Any CPU
	EndGlobalSection
	GlobalSection(ProjectConfigurationPlatforms) = postSolution
		{070429B9-DF15-4DAC-A9FB-BCF3D15A2378}.Debug|Any CPU.ActiveCfg = Debug|Any CPU
		{070429B9-DF15-4DAC-A9FB-BCF3D15A2378}.Debug|Any CPU.Build.0 = Debug|Any CPU
		{070429B9-DF15-4DAC-A9FB-BCF3D15A2378}.Release|Any CPU.ActiveCfg = Release|Any CPU
		{070429B9-DF15-4DAC-A9FB-BCF3D15A2378}.Release|Any CPU.Build.0 = Release|Any CPU
	EndGlobalSection
	GlobalSection(SolutionProperties) = preSolution
		HideSolutionNode = FALSE
	EndGlobalSection
	GlobalSection(ExtensibilityGlobals) = postSolution
		SolutionGuid = {6B9AEAA4-90B5-4C67-80F2-5D0FBE88D846}
	EndGlobalSection
EndGlobal
